
Microsoft Visual Studio Solution File, Format Version 12.00
# Visual Studio Version 17
VisualStudioVersion = 17.6.33815.320
MinimumVisualStudioVersion = 10.0.40219.1
Project("{9A19103F-16F7-4668-BE54-9A1E7A4F7556}") = "Linq.Unit2", "Linq.Unit2\Linq.Unit2.csproj", "{F7E4B378-7F19-41C5-A4BF-46597345978D}"
EndProject
Project("{9A19103F-16F7-4668-BE54-9A1E7A4F7556}") = "15.1.5", "15.1.5\15.1.5.csproj", "{A5E76749-9943-4BAF-914A-FD5D9C480039}"
EndProject
Project("{9A19103F-16F7-4668-BE54-9A1E7A4F7556}") = "15.1.6", "15.1.6\15.1.6.csproj", "{209E7700-D02C-4230-94DA-E2188CB087AF}"
EndProject
Project("{9A19103F-16F7-4668-BE54-9A1E7A4F7556}") = "Agregation.unit2", "Agregation.unit2\Agregation.unit2.csproj", "{6E02856B-975F-49CE-8D80-C915225EC9B0}"
EndProject
Project("{9A19103F-16F7-4668-BE54-9A1E7A4F7556}") = "Count.Unit2", "Count.Unit2\Count.Unit2.csproj", "{3E954961-5430-407A-92F4-2A77C477B510}"
EndProject
Project("{9A19103F-16F7-4668-BE54-9A1E7A4F7556}") = "Min.Max.Aerage", "Min.Max.Aerage\Min.Max.Aerage.csproj", "{4E0DC2AE-D08A-43DC-922D-4AAD9BA84940}"
EndProject
Project("{9A19103F-16F7-4668-BE54-9A1E7A4F7556}") = "Задание 15.2.8", "Задание 15.2.8\Задание 15.2.8.csproj", "{0303F4FD-7BDF-45CC-BDBE-89A9BEC16211}"
EndProject
Project("{9A19103F-16F7-4668-BE54-9A1E7A4F7556}") = "Group.", "Group\Group..csproj", "{52350E0C-44B4-4022-A5EA-00EAB3C9DA00}"
EndProject
Project("{9A19103F-16F7-4668-BE54-9A1E7A4F7556}") = "15.3.3", "15.3.3\15.3.3.csproj", "{95F2789A-C151-4CAC-85B6-5D06C3E98F7B}"
EndProject
Project("{9A19103F-16F7-4668-BE54-9A1E7A4F7556}") = "Join.Unit2", "Join.Unit2\Join.Unit2.csproj", "{2D566337-0CC6-4543-B1F9-E7D7C61CD874}"
EndProject
Project("{9A19103F-16F7-4668-BE54-9A1E7A4F7556}") = "15.4.1", "15.4.1\15.4.1.csproj", "{AD601946-8AB8-4A3F-BBF8-08D50399B106}"
EndProject
Project("{9A19103F-16F7-4668-BE54-9A1E7A4F7556}") = "GroupJoin.Unit2", "GroupJoin.Unit2\GroupJoin.Unit2.csproj", "{D29F2A16-74B6-4FB6-BADD-2004288D2451}"
EndProject
Project("{9A19103F-16F7-4668-BE54-9A1E7A4F7556}") = "15.4.2", "15.4.2\15.4.2.csproj", "{F3792020-0AB1-4365-A1DA-7E7AE520F95E}"
EndProject
Project("{9A19103F-16F7-4668-BE54-9A1E7A4F7556}") = "ZIp.Unit2", "ZIp.Unit2\ZIp.Unit2.csproj", "{C3B7C108-AFF6-444E-A1EF-63090323693F}"
EndProject
Project("{9A19103F-16F7-4668-BE54-9A1E7A4F7556}") = "UnderTheHood", "UnderTheHood\UnderTheHood.csproj", "{7A50F669-CB00-43F6-BC50-BF4FB8758A31}"
EndProject
Project("{9A19103F-16F7-4668-BE54-9A1E7A4F7556}") = "Test", "Test\Test.csproj", "{2E42448B-C6AD-471C-B51E-458A0C797244}"
EndProject
Project("{FAE04EC0-301F-11D3-BF4B-00C04F79EFBC}") = "15.6.6", "15.6.6\15.6.6.csproj", "{BBF234F1-6F11-4C92-9C94-8B4163AAF3B9}"
EndProject
Global
	GlobalSection(SolutionConfigurationPlatforms) = preSolution
		Debug|Any CPU = Debug|Any CPU
		Release|Any CPU = Release|Any CPU
	EndGlobalSection
	GlobalSection(ProjectConfigurationPlatforms) = postSolution
		{F7E4B378-7F19-41C5-A4BF-46597345978D}.Debug|Any CPU.ActiveCfg = Debug|Any CPU
		{F7E4B378-7F19-41C5-A4BF-46597345978D}.Debug|Any CPU.Build.0 = Debug|Any CPU
		{F7E4B378-7F19-41C5-A4BF-46597345978D}.Release|Any CPU.ActiveCfg = Release|Any CPU
		{F7E4B378-7F19-41C5-A4BF-46597345978D}.Release|Any CPU.Build.0 = Release|Any CPU
		{A5E76749-9943-4BAF-914A-FD5D9C480039}.Debug|Any CPU.ActiveCfg = Debug|Any CPU
		{A5E76749-9943-4BAF-914A-FD5D9C480039}.Debug|Any CPU.Build.0 = Debug|Any CPU
		{A5E76749-9943-4BAF-914A-FD5D9C480039}.Release|Any CPU.ActiveCfg = Release|Any CPU
		{A5E76749-9943-4BAF-914A-FD5D9C480039}.Release|Any CPU.Build.0 = Release|Any CPU
		{209E7700-D02C-4230-94DA-E2188CB087AF}.Debug|Any CPU.ActiveCfg = Debug|Any CPU
		{209E7700-D02C-4230-94DA-E2188CB087AF}.Debug|Any CPU.Build.0 = Debug|Any CPU
		{209E7700-D02C-4230-94DA-E2188CB087AF}.Release|Any CPU.ActiveCfg = Release|Any CPU
		{209E7700-D02C-4230-94DA-E2188CB087AF}.Release|Any CPU.Build.0 = Release|Any CPU
		{6E02856B-975F-49CE-8D80-C915225EC9B0}.Debug|Any CPU.ActiveCfg = Debug|Any CPU
		{6E02856B-975F-49CE-8D80-C915225EC9B0}.Debug|Any CPU.Build.0 = Debug|Any CPU
		{6E02856B-975F-49CE-8D80-C915225EC9B0}.Release|Any CPU.ActiveCfg = Release|Any CPU
		{6E02856B-975F-49CE-8D80-C915225EC9B0}.Release|Any CPU.Build.0 = Release|Any CPU
		{3E954961-5430-407A-92F4-2A77C477B510}.Debug|Any CPU.ActiveCfg = Debug|Any CPU
		{3E954961-5430-407A-92F4-2A77C477B510}.Debug|Any CPU.Build.0 = Debug|Any CPU
		{3E954961-5430-407A-92F4-2A77C477B510}.Release|Any CPU.ActiveCfg = Release|Any CPU
		{3E954961-5430-407A-92F4-2A77C477B510}.Release|Any CPU.Build.0 = Release|Any CPU
		{4E0DC2AE-D08A-43DC-922D-4AAD9BA84940}.Debug|Any CPU.ActiveCfg = Debug|Any CPU
		{4E0DC2AE-D08A-43DC-922D-4AAD9BA84940}.Debug|Any CPU.Build.0 = Debug|Any CPU
		{4E0DC2AE-D08A-43DC-922D-4AAD9BA84940}.Release|Any CPU.ActiveCfg = Release|Any CPU
		{4E0DC2AE-D08A-43DC-922D-4AAD9BA84940}.Release|Any CPU.Build.0 = Release|Any CPU
		{0303F4FD-7BDF-45CC-BDBE-89A9BEC16211}.Debug|Any CPU.ActiveCfg = Debug|Any CPU
		{0303F4FD-7BDF-45CC-BDBE-89A9BEC16211}.Debug|Any CPU.Build.0 = Debug|Any CPU
		{0303F4FD-7BDF-45CC-BDBE-89A9BEC16211}.Release|Any CPU.ActiveCfg = Release|Any CPU
		{0303F4FD-7BDF-45CC-BDBE-89A9BEC16211}.Release|Any CPU.Build.0 = Release|Any CPU
		{52350E0C-44B4-4022-A5EA-00EAB3C9DA00}.Debug|Any CPU.ActiveCfg = Debug|Any CPU
		{52350E0C-44B4-4022-A5EA-00EAB3C9DA00}.Debug|Any CPU.Build.0 = Debug|Any CPU
		{52350E0C-44B4-4022-A5EA-00EAB3C9DA00}.Release|Any CPU.ActiveCfg = Release|Any CPU
		{52350E0C-44B4-4022-A5EA-00EAB3C9DA00}.Release|Any CPU.Build.0 = Release|Any CPU
		{95F2789A-C151-4CAC-85B6-5D06C3E98F7B}.Debug|Any CPU.ActiveCfg = Debug|Any CPU
		{95F2789A-C151-4CAC-85B6-5D06C3E98F7B}.Debug|Any CPU.Build.0 = Debug|Any CPU
		{95F2789A-C151-4CAC-85B6-5D06C3E98F7B}.Release|Any CPU.ActiveCfg = Release|Any CPU
		{95F2789A-C151-4CAC-85B6-5D06C3E98F7B}.Release|Any CPU.Build.0 = Release|Any CPU
		{2D566337-0CC6-4543-B1F9-E7D7C61CD874}.Debug|Any CPU.ActiveCfg = Debug|Any CPU
		{2D566337-0CC6-4543-B1F9-E7D7C61CD874}.Debug|Any CPU.Build.0 = Debug|Any CPU
		{2D566337-0CC6-4543-B1F9-E7D7C61CD874}.Release|Any CPU.ActiveCfg = Release|Any CPU
		{2D566337-0CC6-4543-B1F9-E7D7C61CD874}.Release|Any CPU.Build.0 = Release|Any CPU
		{AD601946-8AB8-4A3F-BBF8-08D50399B106}.Debug|Any CPU.ActiveCfg = Debug|Any CPU
		{AD601946-8AB8-4A3F-BBF8-08D50399B106}.Debug|Any CPU.Build.0 = Debug|Any CPU
		{AD601946-8AB8-4A3F-BBF8-08D50399B106}.Release|Any CPU.ActiveCfg = Release|Any CPU
		{AD601946-8AB8-4A3F-BBF8-08D50399B106}.Release|Any CPU.Build.0 = Release|Any CPU
		{D29F2A16-74B6-4FB6-BADD-2004288D2451}.Debug|Any CPU.ActiveCfg = Debug|Any CPU
		{D29F2A16-74B6-4FB6-BADD-2004288D2451}.Debug|Any CPU.Build.0 = Debug|Any CPU
		{D29F2A16-74B6-4FB6-BADD-2004288D2451}.Release|Any CPU.ActiveCfg = Release|Any CPU
		{D29F2A16-74B6-4FB6-BADD-2004288D2451}.Release|Any CPU.Build.0 = Release|Any CPU
		{F3792020-0AB1-4365-A1DA-7E7AE520F95E}.Debug|Any CPU.ActiveCfg = Debug|Any CPU
		{F3792020-0AB1-4365-A1DA-7E7AE520F95E}.Debug|Any CPU.Build.0 = Debug|Any CPU
		{F3792020-0AB1-4365-A1DA-7E7AE520F95E}.Release|Any CPU.ActiveCfg = Release|Any CPU
		{F3792020-0AB1-4365-A1DA-7E7AE520F95E}.Release|Any CPU.Build.0 = Release|Any CPU
		{C3B7C108-AFF6-444E-A1EF-63090323693F}.Debug|Any CPU.ActiveCfg = Debug|Any CPU
		{C3B7C108-AFF6-444E-A1EF-63090323693F}.Debug|Any CPU.Build.0 = Debug|Any CPU
		{C3B7C108-AFF6-444E-A1EF-63090323693F}.Release|Any CPU.ActiveCfg = Release|Any CPU
		{C3B7C108-AFF6-444E-A1EF-63090323693F}.Release|Any CPU.Build.0 = Release|Any CPU
		{7A50F669-CB00-43F6-BC50-BF4FB8758A31}.Debug|Any CPU.ActiveCfg = Debug|Any CPU
		{7A50F669-CB00-43F6-BC50-BF4FB8758A31}.Debug|Any CPU.Build.0 = Debug|Any CPU
		{7A50F669-CB00-43F6-BC50-BF4FB8758A31}.Release|Any CPU.ActiveCfg = Release|Any CPU
		{7A50F669-CB00-43F6-BC50-BF4FB8758A31}.Release|Any CPU.Build.0 = Release|Any CPU
		{2E42448B-C6AD-471C-B51E-458A0C797244}.Debug|Any CPU.ActiveCfg = Debug|Any CPU
		{2E42448B-C6AD-471C-B51E-458A0C797244}.Debug|Any CPU.Build.0 = Debug|Any CPU
		{2E42448B-C6AD-471C-B51E-458A0C797244}.Release|Any CPU.ActiveCfg = Release|Any CPU
		{2E42448B-C6AD-471C-B51E-458A0C797244}.Release|Any CPU.Build.0 = Release|Any CPU
		{BBF234F1-6F11-4C92-9C94-8B4163AAF3B9}.Debug|Any CPU.ActiveCfg = Debug|Any CPU
		{BBF234F1-6F11-4C92-9C94-8B4163AAF3B9}.Debug|Any CPU.Build.0 = Debug|Any CPU
		{BBF234F1-6F11-4C92-9C94-8B4163AAF3B9}.Release|Any CPU.ActiveCfg = Release|Any CPU
		{BBF234F1-6F11-4C92-9C94-8B4163AAF3B9}.Release|Any CPU.Build.0 = Release|Any CPU
	EndGlobalSection
	GlobalSection(SolutionProperties) = preSolution
		HideSolutionNode = FALSE
	EndGlobalSection
	GlobalSection(ExtensibilityGlobals) = postSolution
		SolutionGuid = {7DC15C56-DBE6-4197-B0C8-6B36BD57C9AA}
	EndGlobalSection
EndGlobal
